
Microsoft Visual Studio Solution File, Format Version 12.00
# Visual Studio Version 17
VisualStudioVersion = 17.1.31911.260
MinimumVisualStudioVersion = 10.0.40219.1
Project("{FAE04EC0-301F-11D3-BF4B-00C04F79EFBC}") = "GUI", "ThiKTHP\GUI.csproj", "{F1F33D2D-5EB8-49C0-8C80-078B3B4E9CC4}"
EndProject
Project("{FAE04EC0-301F-11D3-BF4B-00C04F79EFBC}") = "DAL", "DAL\DAL.csproj", "{55799D4B-E048-4C89-B09D-311DD4D1C863}"
EndProject
Project("{FAE04EC0-301F-11D3-BF4B-00C04F79EFBC}") = "DTO", "DTO\DTO.csproj", "{2830EB92-A4BE-4836-8B65-261F2696E172}"
EndProject
Project("{FAE04EC0-301F-11D3-BF4B-00C04F79EFBC}") = "BLL", "BLL\BLL.csproj", "{6F3C302A-DC44-4908-B66A-8266A7519053}"
EndProject
Global
	GlobalSection(SolutionConfigurationPlatforms) = preSolution
		Debug|Any CPU = Debug|Any CPU
		Release|Any CPU = Release|Any CPU
	EndGlobalSection
	GlobalSection(ProjectConfigurationPlatforms) = postSolution
		{F1F33D2D-5EB8-49C0-8C80-078B3B4E9CC4}.Debug|Any CPU.ActiveCfg = Debug|Any CPU
		{F1F33D2D-5EB8-49C0-8C80-078B3B4E9CC4}.Debug|Any CPU.Build.0 = Debug|Any CPU
		{F1F33D2D-5EB8-49C0-8C80-078B3B4E9CC4}.Release|Any CPU.ActiveCfg = Release|Any CPU
		{F1F33D2D-5EB8-49C0-8C80-078B3B4E9CC4}.Release|Any CPU.Build.0 = Release|Any CPU
		{55799D4B-E048-4C89-B09D-311DD4D1C863}.Debug|Any CPU.ActiveCfg = Debug|Any CPU
		{55799D4B-E048-4C89-B09D-311DD4D1C863}.Debug|Any CPU.Build.0 = Debug|Any CPU
		{55799D4B-E048-4C89-B09D-311DD4D1C863}.Release|Any CPU.ActiveCfg = Release|Any CPU
		{55799D4B-E048-4C89-B09D-311DD4D1C863}.Release|Any CPU.Build.0 = Release|Any CPU
		{2830EB92-A4BE-4836-8B65-261F2696E172}.Debug|Any CPU.ActiveCfg = Debug|Any CPU
		{2830EB92-A4BE-4836-8B65-261F2696E172}.Debug|Any CPU.Build.0 = Debug|Any CPU
		{2830EB92-A4BE-4836-8B65-261F2696E172}.Release|Any CPU.ActiveCfg = Release|Any CPU
		{2830EB92-A4BE-4836-8B65-261F2696E172}.Release|Any CPU.Build.0 = Release|Any CPU
		{6F3C302A-DC44-4908-B66A-8266A7519053}.Debug|Any CPU.ActiveCfg = Debug|Any CPU
		{6F3C302A-DC44-4908-B66A-8266A7519053}.Debug|Any CPU.Build.0 = Debug|Any CPU
		{6F3C302A-DC44-4908-B66A-8266A7519053}.Release|Any CPU.ActiveCfg = Release|Any CPU
		{6F3C302A-DC44-4908-B66A-8266A7519053}.Release|Any CPU.Build.0 = Release|Any CPU
	EndGlobalSection
	GlobalSection(SolutionProperties) = preSolution
		HideSolutionNode = FALSE
	EndGlobalSection
	GlobalSection(ExtensibilityGlobals) = postSolution
		SolutionGuid = {BE195228-9DFB-490D-8E71-29E2CB2DE003}
	EndGlobalSection
EndGlobal
